
Microsoft Visual Studio Solution File, Format Version 12.00
# Visual Studio Version 16
VisualStudioVersion = 16.0.32002.261
MinimumVisualStudioVersion = 10.0.40219.1
Project("{9A19103F-16F7-4668-BE54-9A1E7A4F7556}") = "OA_WEB.DataAccess", "OA_WEB.DataAccess\OA_WEB.DataAccess.csproj", "{39292468-451D-4C99-A659-14050A05C1E2}"
EndProject
Project("{9A19103F-16F7-4668-BE54-9A1E7A4F7556}") = "OA_WEB.Repository", "OA_WEB.Repository\OA_WEB.Repository.csproj", "{AB9D5E78-7A78-46A5-B1DD-3FEC6795AB1A}"
EndProject
Project("{9A19103F-16F7-4668-BE54-9A1E7A4F7556}") = "OA_WEB.WebApi", "OA_WEB.WebApi\OA_WEB.WebApi.csproj", "{2DBFF2C4-A699-4EF1-8FFF-DEB1369A076A}"
EndProject
Project("{FAE04EC0-301F-11D3-BF4B-00C04F79EFBC}") = "OA_WEB.Service", "OA_WEB.Service\OA_WEB.Service.csproj", "{5B15C919-2169-4D93-88CA-D9FFFFB25586}"
EndProject
Project("{FAE04EC0-301F-11D3-BF4B-00C04F79EFBC}") = "OA_WEB.Common", "OA_WEB.Common\OA_WEB.Common.csproj", "{B8635945-AC8A-4A0E-B374-FCCF0248CD8A}"
EndProject
Global
	GlobalSection(SolutionConfigurationPlatforms) = preSolution
		Debug|Any CPU = Debug|Any CPU
		Release|Any CPU = Release|Any CPU
	EndGlobalSection
	GlobalSection(ProjectConfigurationPlatforms) = postSolution
		{39292468-451D-4C99-A659-14050A05C1E2}.Debug|Any CPU.ActiveCfg = Debug|Any CPU
		{39292468-451D-4C99-A659-14050A05C1E2}.Debug|Any CPU.Build.0 = Debug|Any CPU
		{39292468-451D-4C99-A659-14050A05C1E2}.Release|Any CPU.ActiveCfg = Release|Any CPU
		{39292468-451D-4C99-A659-14050A05C1E2}.Release|Any CPU.Build.0 = Release|Any CPU
		{AB9D5E78-7A78-46A5-B1DD-3FEC6795AB1A}.Debug|Any CPU.ActiveCfg = Debug|Any CPU
		{AB9D5E78-7A78-46A5-B1DD-3FEC6795AB1A}.Debug|Any CPU.Build.0 = Debug|Any CPU
		{AB9D5E78-7A78-46A5-B1DD-3FEC6795AB1A}.Release|Any CPU.ActiveCfg = Release|Any CPU
		{AB9D5E78-7A78-46A5-B1DD-3FEC6795AB1A}.Release|Any CPU.Build.0 = Release|Any CPU
		{2DBFF2C4-A699-4EF1-8FFF-DEB1369A076A}.Debug|Any CPU.ActiveCfg = Debug|Any CPU
		{2DBFF2C4-A699-4EF1-8FFF-DEB1369A076A}.Debug|Any CPU.Build.0 = Debug|Any CPU
		{2DBFF2C4-A699-4EF1-8FFF-DEB1369A076A}.Release|Any CPU.ActiveCfg = Release|Any CPU
		{2DBFF2C4-A699-4EF1-8FFF-DEB1369A076A}.Release|Any CPU.Build.0 = Release|Any CPU
		{5B15C919-2169-4D93-88CA-D9FFFFB25586}.Debug|Any CPU.ActiveCfg = Debug|Any CPU
		{5B15C919-2169-4D93-88CA-D9FFFFB25586}.Debug|Any CPU.Build.0 = Debug|Any CPU
		{5B15C919-2169-4D93-88CA-D9FFFFB25586}.Release|Any CPU.ActiveCfg = Release|Any CPU
		{5B15C919-2169-4D93-88CA-D9FFFFB25586}.Release|Any CPU.Build.0 = Release|Any CPU
		{B8635945-AC8A-4A0E-B374-FCCF0248CD8A}.Debug|Any CPU.ActiveCfg = Debug|Any CPU
		{B8635945-AC8A-4A0E-B374-FCCF0248CD8A}.Debug|Any CPU.Build.0 = Debug|Any CPU
		{B8635945-AC8A-4A0E-B374-FCCF0248CD8A}.Release|Any CPU.ActiveCfg = Release|Any CPU
		{B8635945-AC8A-4A0E-B374-FCCF0248CD8A}.Release|Any CPU.Build.0 = Release|Any CPU
	EndGlobalSection
	GlobalSection(SolutionProperties) = preSolution
		HideSolutionNode = FALSE
	EndGlobalSection
	GlobalSection(ExtensibilityGlobals) = postSolution
		SolutionGuid = {08126362-A70C-47A6-ABF9-3FF89A3863F4}
	EndGlobalSection
EndGlobal
